// !$*UTF8*$!
{
	archiveVersion = 1;
	classes = {
	};
	objectVersion = 56;
	objects = {

/* Begin PBXBuildFile section */
		74E531EA2A69D01500679B31 /* AppDelegate.swift in Sources */ = {isa = PBXBuildFile; fileRef = 74E531E92A69D01500679B31 /* AppDelegate.swift */; };
		74E531EC2A69D01500679B31 /* SceneDelegate.swift in Sources */ = {isa = PBXBuildFile; fileRef = 74E531EB2A69D01500679B31 /* SceneDelegate.swift */; };
		74E531F32A69D01600679B31 /* Assets.xcassets in Resources */ = {isa = PBXBuildFile; fileRef = 74E531F22A69D01600679B31 /* Assets.xcassets */; };
		74E531F62A69D01600679B31 /* LaunchScreen.storyboard in Resources */ = {isa = PBXBuildFile; fileRef = 74E531F42A69D01600679B31 /* LaunchScreen.storyboard */; };
		74E531FF2A69D17500679B31 /* NetworkError.swift in Sources */ = {isa = PBXBuildFile; fileRef = 74E531FE2A69D17500679B31 /* NetworkError.swift */; };
		74E532012A69D1A600679B31 /* NetworkHTTPMethod.swift in Sources */ = {isa = PBXBuildFile; fileRef = 74E532002A69D1A600679B31 /* NetworkHTTPMethod.swift */; };
		74E532032A69D1C300679B31 /* NetworkManager.swift in Sources */ = {isa = PBXBuildFile; fileRef = 74E532022A69D1C300679B31 /* NetworkManager.swift */; };
		74E532052A69D1D600679B31 /* NetworkRoutes.swift in Sources */ = {isa = PBXBuildFile; fileRef = 74E532042A69D1D600679B31 /* NetworkRoutes.swift */; };
		74E5320A2A69D56400679B31 /* CardListModels.swift in Sources */ = {isa = PBXBuildFile; fileRef = 74E532092A69D56300679B31 /* CardListModels.swift */; };
		74E5320D2A69D6EA00679B31 /* CardListWorker.swift in Sources */ = {isa = PBXBuildFile; fileRef = 74E5320C2A69D6EA00679B31 /* CardListWorker.swift */; };
		74E532102A69D9F000679B31 /* CardListInteractor.swift in Sources */ = {isa = PBXBuildFile; fileRef = 74E5320F2A69D9F000679B31 /* CardListInteractor.swift */; };
		74E532132A69DC9600679B31 /* CardListPresenter.swift in Sources */ = {isa = PBXBuildFile; fileRef = 74E532122A69DC9600679B31 /* CardListPresenter.swift */; };
		74E532162A69DF0700679B31 /* CardListViewController.swift in Sources */ = {isa = PBXBuildFile; fileRef = 74E532152A69DF0700679B31 /* CardListViewController.swift */; };
		74E532192A69DFAB00679B31 /* CardListConfiguration.swift in Sources */ = {isa = PBXBuildFile; fileRef = 74E532182A69DFAB00679B31 /* CardListConfiguration.swift */; };
		74E5321C2A69E9BE00679B31 /* CardListView.swift in Sources */ = {isa = PBXBuildFile; fileRef = 74E5321B2A69E9BE00679B31 /* CardListView.swift */; };
		74E532202A69EA8F00679B31 /* ConfigurationView.swift in Sources */ = {isa = PBXBuildFile; fileRef = 74E5321F2A69EA8E00679B31 /* ConfigurationView.swift */; };
		74E532232A69EDA500679B31 /* CardListCollectionViewCell.swift in Sources */ = {isa = PBXBuildFile; fileRef = 74E532222A69EDA500679B31 /* CardListCollectionViewCell.swift */; };
		74E532262A69F08500679B31 /* CustomImageView.swift in Sources */ = {isa = PBXBuildFile; fileRef = 74E532252A69F08500679B31 /* CustomImageView.swift */; };
		74E532292A69F1B000679B31 /* Array+Extension.swift in Sources */ = {isa = PBXBuildFile; fileRef = 74E532282A69F1B000679B31 /* Array+Extension.swift */; };
		74E5322C2A69F74000679B31 /* CardListRouter.swift in Sources */ = {isa = PBXBuildFile; fileRef = 74E5322B2A69F74000679B31 /* CardListRouter.swift */; };
		74E5322E2A69FD7F00679B31 /* SpinnerViewController.swift in Sources */ = {isa = PBXBuildFile; fileRef = 74E5322D2A69FD7F00679B31 /* SpinnerViewController.swift */; };
		74E532302A69FDA200679B31 /* BaseViewController.swift in Sources */ = {isa = PBXBuildFile; fileRef = 74E5322F2A69FDA200679B31 /* BaseViewController.swift */; };
		74E532372A6A3A8400679B31 /* CardDetailsConfiguration.swift in Sources */ = {isa = PBXBuildFile; fileRef = 74E532362A6A3A8400679B31 /* CardDetailsConfiguration.swift */; };
		74E532392A6A3AAD00679B31 /* CardDetailsViewController.swift in Sources */ = {isa = PBXBuildFile; fileRef = 74E532382A6A3AAD00679B31 /* CardDetailsViewController.swift */; };
		74E5323C2A6A3C1300679B31 /* CardDetailsModels.swift in Sources */ = {isa = PBXBuildFile; fileRef = 74E5323B2A6A3C1300679B31 /* CardDetailsModels.swift */; };
		74E5323F2A6A401500679B31 /* CardDetailsWorker.swift in Sources */ = {isa = PBXBuildFile; fileRef = 74E5323E2A6A401500679B31 /* CardDetailsWorker.swift */; };
		74E532422A6A49D100679B31 /* CardDetailsInteractor.swift in Sources */ = {isa = PBXBuildFile; fileRef = 74E532412A6A49D100679B31 /* CardDetailsInteractor.swift */; };
		74E532462A6A4C4E00679B31 /* CardDetailsPresenter.swift in Sources */ = {isa = PBXBuildFile; fileRef = 74E532452A6A4C4E00679B31 /* CardDetailsPresenter.swift */; };
		74E532492A6A522600679B31 /* CardDetailsView.swift in Sources */ = {isa = PBXBuildFile; fileRef = 74E532482A6A522600679B31 /* CardDetailsView.swift */; };
		74E5324C2A6AF30A00679B31 /* CardDetailsTableViewCell.swift in Sources */ = {isa = PBXBuildFile; fileRef = 74E5324B2A6AF30A00679B31 /* CardDetailsTableViewCell.swift */; };
		74E5325E2A6B03C700679B31 /* CardListInteractorTests.swift in Sources */ = {isa = PBXBuildFile; fileRef = 74E5325D2A6B03C700679B31 /* CardListInteractorTests.swift */; };
		74E532602A6B04C900679B31 /* CardListSeeds.swift in Sources */ = {isa = PBXBuildFile; fileRef = 74E5325F2A6B04C900679B31 /* CardListSeeds.swift */; };
		74E532632A6B07DA00679B31 /* CardListPresenterTests.swift in Sources */ = {isa = PBXBuildFile; fileRef = 74E532622A6B07DA00679B31 /* CardListPresenterTests.swift */; };
		74E532662A6B092500679B31 /* CardListViewControllerTests.swift in Sources */ = {isa = PBXBuildFile; fileRef = 74E532652A6B092500679B31 /* CardListViewControllerTests.swift */; };
/* End PBXBuildFile section */

/* Begin PBXContainerItemProxy section */
		74E532552A6B02BA00679B31 /* PBXContainerItemProxy */ = {
			isa = PBXContainerItemProxy;
			containerPortal = 74E531DE2A69D01500679B31 /* Project object */;
			proxyType = 1;
			remoteGlobalIDString = 74E531E52A69D01500679B31;
			remoteInfo = CardsHearthstone;
		};
/* End PBXContainerItemProxy section */

/* Begin PBXFileReference section */
		74E531E62A69D01500679B31 /* CardsHearthstone.app */ = {isa = PBXFileReference; explicitFileType = wrapper.application; includeInIndex = 0; path = CardsHearthstone.app; sourceTree = BUILT_PRODUCTS_DIR; };
		74E531E92A69D01500679B31 /* AppDelegate.swift */ = {isa = PBXFileReference; lastKnownFileType = sourcecode.swift; path = AppDelegate.swift; sourceTree = "<group>"; };
		74E531EB2A69D01500679B31 /* SceneDelegate.swift */ = {isa = PBXFileReference; lastKnownFileType = sourcecode.swift; path = SceneDelegate.swift; sourceTree = "<group>"; };
		74E531F22A69D01600679B31 /* Assets.xcassets */ = {isa = PBXFileReference; lastKnownFileType = folder.assetcatalog; path = Assets.xcassets; sourceTree = "<group>"; };
		74E531F52A69D01600679B31 /* Base */ = {isa = PBXFileReference; lastKnownFileType = file.storyboard; name = Base; path = Base.lproj/LaunchScreen.storyboard; sourceTree = "<group>"; };
		74E531F72A69D01600679B31 /* Info.plist */ = {isa = PBXFileReference; lastKnownFileType = text.plist.xml; path = Info.plist; sourceTree = "<group>"; };
		74E531FE2A69D17500679B31 /* NetworkError.swift */ = {isa = PBXFileReference; lastKnownFileType = sourcecode.swift; path = NetworkError.swift; sourceTree = "<group>"; };
		74E532002A69D1A600679B31 /* NetworkHTTPMethod.swift */ = {isa = PBXFileReference; lastKnownFileType = sourcecode.swift; path = NetworkHTTPMethod.swift; sourceTree = "<group>"; };
		74E532022A69D1C300679B31 /* NetworkManager.swift */ = {isa = PBXFileReference; lastKnownFileType = sourcecode.swift; path = NetworkManager.swift; sourceTree = "<group>"; };
		74E532042A69D1D600679B31 /* NetworkRoutes.swift */ = {isa = PBXFileReference; lastKnownFileType = sourcecode.swift; path = NetworkRoutes.swift; sourceTree = "<group>"; };
		74E532092A69D56300679B31 /* CardListModels.swift */ = {isa = PBXFileReference; lastKnownFileType = sourcecode.swift; path = CardListModels.swift; sourceTree = "<group>"; };
		74E5320C2A69D6EA00679B31 /* CardListWorker.swift */ = {isa = PBXFileReference; lastKnownFileType = sourcecode.swift; path = CardListWorker.swift; sourceTree = "<group>"; };
		74E5320F2A69D9F000679B31 /* CardListInteractor.swift */ = {isa = PBXFileReference; lastKnownFileType = sourcecode.swift; path = CardListInteractor.swift; sourceTree = "<group>"; };
		74E532122A69DC9600679B31 /* CardListPresenter.swift */ = {isa = PBXFileReference; lastKnownFileType = sourcecode.swift; path = CardListPresenter.swift; sourceTree = "<group>"; };
		74E532152A69DF0700679B31 /* CardListViewController.swift */ = {isa = PBXFileReference; lastKnownFileType = sourcecode.swift; path = CardListViewController.swift; sourceTree = "<group>"; };
		74E532182A69DFAB00679B31 /* CardListConfiguration.swift */ = {isa = PBXFileReference; lastKnownFileType = sourcecode.swift; path = CardListConfiguration.swift; sourceTree = "<group>"; };
		74E5321B2A69E9BE00679B31 /* CardListView.swift */ = {isa = PBXFileReference; lastKnownFileType = sourcecode.swift; path = CardListView.swift; sourceTree = "<group>"; };
		74E5321F2A69EA8E00679B31 /* ConfigurationView.swift */ = {isa = PBXFileReference; lastKnownFileType = sourcecode.swift; path = ConfigurationView.swift; sourceTree = "<group>"; };
		74E532222A69EDA500679B31 /* CardListCollectionViewCell.swift */ = {isa = PBXFileReference; lastKnownFileType = sourcecode.swift; path = CardListCollectionViewCell.swift; sourceTree = "<group>"; };
		74E532252A69F08500679B31 /* CustomImageView.swift */ = {isa = PBXFileReference; lastKnownFileType = sourcecode.swift; path = CustomImageView.swift; sourceTree = "<group>"; };
		74E532282A69F1B000679B31 /* Array+Extension.swift */ = {isa = PBXFileReference; lastKnownFileType = sourcecode.swift; path = "Array+Extension.swift"; sourceTree = "<group>"; };
		74E5322B2A69F74000679B31 /* CardListRouter.swift */ = {isa = PBXFileReference; lastKnownFileType = sourcecode.swift; path = CardListRouter.swift; sourceTree = "<group>"; };
		74E5322D2A69FD7F00679B31 /* SpinnerViewController.swift */ = {isa = PBXFileReference; lastKnownFileType = sourcecode.swift; path = SpinnerViewController.swift; sourceTree = "<group>"; };
		74E5322F2A69FDA200679B31 /* BaseViewController.swift */ = {isa = PBXFileReference; lastKnownFileType = sourcecode.swift; path = BaseViewController.swift; sourceTree = "<group>"; };
		74E532362A6A3A8400679B31 /* CardDetailsConfiguration.swift */ = {isa = PBXFileReference; lastKnownFileType = sourcecode.swift; path = CardDetailsConfiguration.swift; sourceTree = "<group>"; };
		74E532382A6A3AAD00679B31 /* CardDetailsViewController.swift */ = {isa = PBXFileReference; lastKnownFileType = sourcecode.swift; path = CardDetailsViewController.swift; sourceTree = "<group>"; };
		74E5323B2A6A3C1300679B31 /* CardDetailsModels.swift */ = {isa = PBXFileReference; lastKnownFileType = sourcecode.swift; path = CardDetailsModels.swift; sourceTree = "<group>"; };
		74E5323E2A6A401500679B31 /* CardDetailsWorker.swift */ = {isa = PBXFileReference; lastKnownFileType = sourcecode.swift; path = CardDetailsWorker.swift; sourceTree = "<group>"; };
		74E532412A6A49D100679B31 /* CardDetailsInteractor.swift */ = {isa = PBXFileReference; lastKnownFileType = sourcecode.swift; path = CardDetailsInteractor.swift; sourceTree = "<group>"; };
		74E532452A6A4C4E00679B31 /* CardDetailsPresenter.swift */ = {isa = PBXFileReference; lastKnownFileType = sourcecode.swift; path = CardDetailsPresenter.swift; sourceTree = "<group>"; };
		74E532482A6A522600679B31 /* CardDetailsView.swift */ = {isa = PBXFileReference; lastKnownFileType = sourcecode.swift; path = CardDetailsView.swift; sourceTree = "<group>"; };
		74E5324B2A6AF30A00679B31 /* CardDetailsTableViewCell.swift */ = {isa = PBXFileReference; lastKnownFileType = sourcecode.swift; path = CardDetailsTableViewCell.swift; sourceTree = "<group>"; };
		74E532512A6B02BA00679B31 /* CardsHearthstoneTests.xctest */ = {isa = PBXFileReference; explicitFileType = wrapper.cfbundle; includeInIndex = 0; path = CardsHearthstoneTests.xctest; sourceTree = BUILT_PRODUCTS_DIR; };
		74E5325D2A6B03C700679B31 /* CardListInteractorTests.swift */ = {isa = PBXFileReference; lastKnownFileType = sourcecode.swift; path = CardListInteractorTests.swift; sourceTree = "<group>"; };
		74E5325F2A6B04C900679B31 /* CardListSeeds.swift */ = {isa = PBXFileReference; lastKnownFileType = sourcecode.swift; path = CardListSeeds.swift; sourceTree = "<group>"; };
		74E532622A6B07DA00679B31 /* CardListPresenterTests.swift */ = {isa = PBXFileReference; lastKnownFileType = sourcecode.swift; path = CardListPresenterTests.swift; sourceTree = "<group>"; };
		74E532652A6B092500679B31 /* CardListViewControllerTests.swift */ = {isa = PBXFileReference; lastKnownFileType = sourcecode.swift; path = CardListViewControllerTests.swift; sourceTree = "<group>"; };
/* End PBXFileReference section */

/* Begin PBXFrameworksBuildPhase section */
		74E531E32A69D01500679B31 /* Frameworks */ = {
			isa = PBXFrameworksBuildPhase;
			buildActionMask = 2147483647;
			files = (
			);
			runOnlyForDeploymentPostprocessing = 0;
		};
		74E5324E2A6B02BA00679B31 /* Frameworks */ = {
			isa = PBXFrameworksBuildPhase;
			buildActionMask = 2147483647;
			files = (
			);
			runOnlyForDeploymentPostprocessing = 0;
		};
/* End PBXFrameworksBuildPhase section */

/* Begin PBXGroup section */
		74E531DD2A69D01500679B31 = {
			isa = PBXGroup;
			children = (
				74E531E82A69D01500679B31 /* CardsHearthstone */,
				74E532522A6B02BA00679B31 /* CardsHearthstoneTests */,
				74E531E72A69D01500679B31 /* Products */,
			);
			sourceTree = "<group>";
		};
		74E531E72A69D01500679B31 /* Products */ = {
			isa = PBXGroup;
			children = (
				74E531E62A69D01500679B31 /* CardsHearthstone.app */,
				74E532512A6B02BA00679B31 /* CardsHearthstoneTests.xctest */,
			);
			name = Products;
			sourceTree = "<group>";
		};
		74E531E82A69D01500679B31 /* CardsHearthstone */ = {
			isa = PBXGroup;
			children = (
				74E5321D2A69EA4F00679B31 /* Utils */,
				74E531FD2A69D13300679B31 /* Network */,
				74E532062A69D4DF00679B31 /* Scenes */,
				74E531E92A69D01500679B31 /* AppDelegate.swift */,
				74E531EB2A69D01500679B31 /* SceneDelegate.swift */,
				74E531F22A69D01600679B31 /* Assets.xcassets */,
				74E531F42A69D01600679B31 /* LaunchScreen.storyboard */,
				74E531F72A69D01600679B31 /* Info.plist */,
			);
			path = CardsHearthstone;
			sourceTree = "<group>";
		};
		74E531FD2A69D13300679B31 /* Network */ = {
			isa = PBXGroup;
			children = (
				74E531FE2A69D17500679B31 /* NetworkError.swift */,
				74E532002A69D1A600679B31 /* NetworkHTTPMethod.swift */,
				74E532022A69D1C300679B31 /* NetworkManager.swift */,
				74E532042A69D1D600679B31 /* NetworkRoutes.swift */,
			);
			path = Network;
			sourceTree = "<group>";
		};
		74E532062A69D4DF00679B31 /* Scenes */ = {
			isa = PBXGroup;
			children = (
				74E532332A6A3A5100679B31 /* CardDetails */,
				74E532072A69D4EC00679B31 /* CardList */,
			);
			path = Scenes;
			sourceTree = "<group>";
		};
		74E532072A69D4EC00679B31 /* CardList */ = {
			isa = PBXGroup;
			children = (
				74E5322A2A69F72F00679B31 /* Router */,
				74E5321A2A69E9B300679B31 /* View */,
				74E532172A69DF8700679B31 /* Configuration */,
				74E532142A69DEF300679B31 /* ViewController */,
				74E532112A69DC8900679B31 /* Presenter */,
				74E5320E2A69D9C400679B31 /* Interactor */,
				74E5320B2A69D69E00679B31 /* Workers */,
				74E532082A69D50100679B31 /* Models */,
			);
			path = CardList;
			sourceTree = "<group>";
		};
		74E532082A69D50100679B31 /* Models */ = {
			isa = PBXGroup;
			children = (
				74E532092A69D56300679B31 /* CardListModels.swift */,
			);
			path = Models;
			sourceTree = "<group>";
		};
		74E5320B2A69D69E00679B31 /* Workers */ = {
			isa = PBXGroup;
			children = (
				74E5320C2A69D6EA00679B31 /* CardListWorker.swift */,
			);
			path = Workers;
			sourceTree = "<group>";
		};
		74E5320E2A69D9C400679B31 /* Interactor */ = {
			isa = PBXGroup;
			children = (
				74E5320F2A69D9F000679B31 /* CardListInteractor.swift */,
			);
			path = Interactor;
			sourceTree = "<group>";
		};
		74E532112A69DC8900679B31 /* Presenter */ = {
			isa = PBXGroup;
			children = (
				74E532122A69DC9600679B31 /* CardListPresenter.swift */,
			);
			path = Presenter;
			sourceTree = "<group>";
		};
		74E532142A69DEF300679B31 /* ViewController */ = {
			isa = PBXGroup;
			children = (
				74E532152A69DF0700679B31 /* CardListViewController.swift */,
			);
			path = ViewController;
			sourceTree = "<group>";
		};
		74E532172A69DF8700679B31 /* Configuration */ = {
			isa = PBXGroup;
			children = (
				74E532182A69DFAB00679B31 /* CardListConfiguration.swift */,
			);
			path = Configuration;
			sourceTree = "<group>";
		};
		74E5321A2A69E9B300679B31 /* View */ = {
			isa = PBXGroup;
			children = (
				74E532212A69ED9300679B31 /* Cell */,
				74E5321B2A69E9BE00679B31 /* CardListView.swift */,
			);
			path = View;
			sourceTree = "<group>";
		};
		74E5321D2A69EA4F00679B31 /* Utils */ = {
			isa = PBXGroup;
			children = (
				74E532272A69F19E00679B31 /* Extensions */,
				74E532242A69F06900679B31 /* CustomViews */,
				74E5321E2A69EA8100679B31 /* Protocols */,
			);
			path = Utils;
			sourceTree = "<group>";
		};
		74E5321E2A69EA8100679B31 /* Protocols */ = {
			isa = PBXGroup;
			children = (
				74E5321F2A69EA8E00679B31 /* ConfigurationView.swift */,
			);
			path = Protocols;
			sourceTree = "<group>";
		};
		74E532212A69ED9300679B31 /* Cell */ = {
			isa = PBXGroup;
			children = (
				74E532222A69EDA500679B31 /* CardListCollectionViewCell.swift */,
			);
			path = Cell;
			sourceTree = "<group>";
		};
		74E532242A69F06900679B31 /* CustomViews */ = {
			isa = PBXGroup;
			children = (
				74E532252A69F08500679B31 /* CustomImageView.swift */,
				74E5322D2A69FD7F00679B31 /* SpinnerViewController.swift */,
				74E5322F2A69FDA200679B31 /* BaseViewController.swift */,
			);
			path = CustomViews;
			sourceTree = "<group>";
		};
		74E532272A69F19E00679B31 /* Extensions */ = {
			isa = PBXGroup;
			children = (
				74E532282A69F1B000679B31 /* Array+Extension.swift */,
			);
			path = Extensions;
			sourceTree = "<group>";
		};
		74E5322A2A69F72F00679B31 /* Router */ = {
			isa = PBXGroup;
			children = (
				74E5322B2A69F74000679B31 /* CardListRouter.swift */,
			);
			path = Router;
			sourceTree = "<group>";
		};
		74E532332A6A3A5100679B31 /* CardDetails */ = {
			isa = PBXGroup;
			children = (
				74E532472A6A521800679B31 /* View */,
				74E532432A6A4C2800679B31 /* Presenter */,
				74E532402A6A49BD00679B31 /* Interactor */,
				74E5323D2A6A3FE700679B31 /* Workers */,
				74E5323A2A6A3C0300679B31 /* Model */,
				74E532352A6A3A6F00679B31 /* Configuration */,
				74E532342A6A3A6200679B31 /* ViewController */,
			);
			path = CardDetails;
			sourceTree = "<group>";
		};
		74E532342A6A3A6200679B31 /* ViewController */ = {
			isa = PBXGroup;
			children = (
				74E532382A6A3AAD00679B31 /* CardDetailsViewController.swift */,
			);
			path = ViewController;
			sourceTree = "<group>";
		};
		74E532352A6A3A6F00679B31 /* Configuration */ = {
			isa = PBXGroup;
			children = (
				74E532362A6A3A8400679B31 /* CardDetailsConfiguration.swift */,
			);
			path = Configuration;
			sourceTree = "<group>";
		};
		74E5323A2A6A3C0300679B31 /* Model */ = {
			isa = PBXGroup;
			children = (
				74E5323B2A6A3C1300679B31 /* CardDetailsModels.swift */,
			);
			path = Model;
			sourceTree = "<group>";
		};
		74E5323D2A6A3FE700679B31 /* Workers */ = {
			isa = PBXGroup;
			children = (
				74E5323E2A6A401500679B31 /* CardDetailsWorker.swift */,
			);
			path = Workers;
			sourceTree = "<group>";
		};
		74E532402A6A49BD00679B31 /* Interactor */ = {
			isa = PBXGroup;
			children = (
				74E532412A6A49D100679B31 /* CardDetailsInteractor.swift */,
			);
			path = Interactor;
			sourceTree = "<group>";
		};
		74E532432A6A4C2800679B31 /* Presenter */ = {
			isa = PBXGroup;
			children = (
				74E532452A6A4C4E00679B31 /* CardDetailsPresenter.swift */,
			);
			path = Presenter;
			sourceTree = "<group>";
		};
		74E532472A6A521800679B31 /* View */ = {
			isa = PBXGroup;
			children = (
				74E5324A2A6AF2FB00679B31 /* Cells */,
				74E532482A6A522600679B31 /* CardDetailsView.swift */,
			);
			path = View;
			sourceTree = "<group>";
		};
		74E5324A2A6AF2FB00679B31 /* Cells */ = {
			isa = PBXGroup;
			children = (
				74E5324B2A6AF30A00679B31 /* CardDetailsTableViewCell.swift */,
			);
			path = Cells;
			sourceTree = "<group>";
		};
		74E532522A6B02BA00679B31 /* CardsHearthstoneTests */ = {
			isa = PBXGroup;
			children = (
				74E5325A2A6B032300679B31 /* Scenes */,
			);
			path = CardsHearthstoneTests;
			sourceTree = "<group>";
		};
		74E5325A2A6B032300679B31 /* Scenes */ = {
			isa = PBXGroup;
			children = (
				74E5325B2A6B032F00679B31 /* CardList */,
			);
			path = Scenes;
			sourceTree = "<group>";
		};
		74E5325B2A6B032F00679B31 /* CardList */ = {
			isa = PBXGroup;
			children = (
				74E532642A6B091300679B31 /* ViewController */,
				74E532612A6B07C500679B31 /* Presenter */,
				74E5325C2A6B03B200679B31 /* Interactor */,
				74E5325F2A6B04C900679B31 /* CardListSeeds.swift */,
			);
			path = CardList;
			sourceTree = "<group>";
		};
		74E5325C2A6B03B200679B31 /* Interactor */ = {
			isa = PBXGroup;
			children = (
				74E5325D2A6B03C700679B31 /* CardListInteractorTests.swift */,
			);
			path = Interactor;
			sourceTree = "<group>";
		};
		74E532612A6B07C500679B31 /* Presenter */ = {
			isa = PBXGroup;
			children = (
				74E532622A6B07DA00679B31 /* CardListPresenterTests.swift */,
			);
			path = Presenter;
			sourceTree = "<group>";
		};
		74E532642A6B091300679B31 /* ViewController */ = {
			isa = PBXGroup;
			children = (
				74E532652A6B092500679B31 /* CardListViewControllerTests.swift */,
			);
			path = ViewController;
			sourceTree = "<group>";
		};
/* End PBXGroup section */

/* Begin PBXNativeTarget section */
		74E531E52A69D01500679B31 /* CardsHearthstone */ = {
			isa = PBXNativeTarget;
			buildConfigurationList = 74E531FA2A69D01600679B31 /* Build configuration list for PBXNativeTarget "CardsHearthstone" */;
			buildPhases = (
				74E531E22A69D01500679B31 /* Sources */,
				74E531E32A69D01500679B31 /* Frameworks */,
				74E531E42A69D01500679B31 /* Resources */,
			);
			buildRules = (
			);
			dependencies = (
			);
			name = CardsHearthstone;
			productName = CardsHearthstone;
			productReference = 74E531E62A69D01500679B31 /* CardsHearthstone.app */;
			productType = "com.apple.product-type.application";
		};
		74E532502A6B02BA00679B31 /* CardsHearthstoneTests */ = {
			isa = PBXNativeTarget;
			buildConfigurationList = 74E532572A6B02BA00679B31 /* Build configuration list for PBXNativeTarget "CardsHearthstoneTests" */;
			buildPhases = (
				74E5324D2A6B02BA00679B31 /* Sources */,
				74E5324E2A6B02BA00679B31 /* Frameworks */,
				74E5324F2A6B02BA00679B31 /* Resources */,
			);
			buildRules = (
			);
			dependencies = (
				74E532562A6B02BA00679B31 /* PBXTargetDependency */,
			);
			name = CardsHearthstoneTests;
			productName = CardsHearthstoneTests;
			productReference = 74E532512A6B02BA00679B31 /* CardsHearthstoneTests.xctest */;
			productType = "com.apple.product-type.bundle.unit-test";
		};
/* End PBXNativeTarget section */

/* Begin PBXProject section */
		74E531DE2A69D01500679B31 /* Project object */ = {
			isa = PBXProject;
			attributes = {
				BuildIndependentTargetsInParallel = 1;
				LastSwiftUpdateCheck = 1430;
				LastUpgradeCheck = 1430;
				TargetAttributes = {
					74E531E52A69D01500679B31 = {
						CreatedOnToolsVersion = 14.3.1;
					};
					74E532502A6B02BA00679B31 = {
						CreatedOnToolsVersion = 14.3.1;
						TestTargetID = 74E531E52A69D01500679B31;
					};
				};
			};
			buildConfigurationList = 74E531E12A69D01500679B31 /* Build configuration list for PBXProject "CardsHearthstone" */;
			compatibilityVersion = "Xcode 14.0";
			developmentRegion = en;
			hasScannedForEncodings = 0;
			knownRegions = (
				en,
				Base,
			);
			mainGroup = 74E531DD2A69D01500679B31;
			productRefGroup = 74E531E72A69D01500679B31 /* Products */;
			projectDirPath = "";
			projectRoot = "";
			targets = (
				74E531E52A69D01500679B31 /* CardsHearthstone */,
				74E532502A6B02BA00679B31 /* CardsHearthstoneTests */,
			);
		};
/* End PBXProject section */

/* Begin PBXResourcesBuildPhase section */
		74E531E42A69D01500679B31 /* Resources */ = {
			isa = PBXResourcesBuildPhase;
			buildActionMask = 2147483647;
			files = (
				74E531F62A69D01600679B31 /* LaunchScreen.storyboard in Resources */,
				74E531F32A69D01600679B31 /* Assets.xcassets in Resources */,
			);
			runOnlyForDeploymentPostprocessing = 0;
		};
		74E5324F2A6B02BA00679B31 /* Resources */ = {
			isa = PBXResourcesBuildPhase;
			buildActionMask = 2147483647;
			files = (
			);
			runOnlyForDeploymentPostprocessing = 0;
		};
/* End PBXResourcesBuildPhase section */

/* Begin PBXSourcesBuildPhase section */
		74E531E22A69D01500679B31 /* Sources */ = {
			isa = PBXSourcesBuildPhase;
			buildActionMask = 2147483647;
			files = (
				74E532162A69DF0700679B31 /* CardListViewController.swift in Sources */,
				74E532392A6A3AAD00679B31 /* CardDetailsViewController.swift in Sources */,
				74E532202A69EA8F00679B31 /* ConfigurationView.swift in Sources */,
				74E532192A69DFAB00679B31 /* CardListConfiguration.swift in Sources */,
				74E532052A69D1D600679B31 /* NetworkRoutes.swift in Sources */,
				74E5320A2A69D56400679B31 /* CardListModels.swift in Sources */,
				74E5323C2A6A3C1300679B31 /* CardDetailsModels.swift in Sources */,
				74E532492A6A522600679B31 /* CardDetailsView.swift in Sources */,
				74E532302A69FDA200679B31 /* BaseViewController.swift in Sources */,
				74E5320D2A69D6EA00679B31 /* CardListWorker.swift in Sources */,
				74E5322E2A69FD7F00679B31 /* SpinnerViewController.swift in Sources */,
				74E532422A6A49D100679B31 /* CardDetailsInteractor.swift in Sources */,
				74E5324C2A6AF30A00679B31 /* CardDetailsTableViewCell.swift in Sources */,
				74E532232A69EDA500679B31 /* CardListCollectionViewCell.swift in Sources */,
				74E5323F2A6A401500679B31 /* CardDetailsWorker.swift in Sources */,
				74E532032A69D1C300679B31 /* NetworkManager.swift in Sources */,
				74E532102A69D9F000679B31 /* CardListInteractor.swift in Sources */,
				74E532372A6A3A8400679B31 /* CardDetailsConfiguration.swift in Sources */,
				74E532292A69F1B000679B31 /* Array+Extension.swift in Sources */,
				74E532262A69F08500679B31 /* CustomImageView.swift in Sources */,
				74E531FF2A69D17500679B31 /* NetworkError.swift in Sources */,
				74E531EA2A69D01500679B31 /* AppDelegate.swift in Sources */,
				74E532012A69D1A600679B31 /* NetworkHTTPMethod.swift in Sources */,
				74E532462A6A4C4E00679B31 /* CardDetailsPresenter.swift in Sources */,
				74E531EC2A69D01500679B31 /* SceneDelegate.swift in Sources */,
				74E5321C2A69E9BE00679B31 /* CardListView.swift in Sources */,
				74E5322C2A69F74000679B31 /* CardListRouter.swift in Sources */,
				74E532132A69DC9600679B31 /* CardListPresenter.swift in Sources */,
			);
			runOnlyForDeploymentPostprocessing = 0;
		};
		74E5324D2A6B02BA00679B31 /* Sources */ = {
			isa = PBXSourcesBuildPhase;
			buildActionMask = 2147483647;
			files = (
				74E532662A6B092500679B31 /* CardListViewControllerTests.swift in Sources */,
				74E5325E2A6B03C700679B31 /* CardListInteractorTests.swift in Sources */,
				74E532602A6B04C900679B31 /* CardListSeeds.swift in Sources */,
				74E532632A6B07DA00679B31 /* CardListPresenterTests.swift in Sources */,
			);
			runOnlyForDeploymentPostprocessing = 0;
		};
/* End PBXSourcesBuildPhase section */

/* Begin PBXTargetDependency section */
		74E532562A6B02BA00679B31 /* PBXTargetDependency */ = {
			isa = PBXTargetDependency;
			target = 74E531E52A69D01500679B31 /* CardsHearthstone */;
			targetProxy = 74E532552A6B02BA00679B31 /* PBXContainerItemProxy */;
		};
/* End PBXTargetDependency section */

/* Begin PBXVariantGroup section */
		74E531F42A69D01600679B31 /* LaunchScreen.storyboard */ = {
			isa = PBXVariantGroup;
			children = (
				74E531F52A69D01600679B31 /* Base */,
			);
			name = LaunchScreen.storyboard;
			sourceTree = "<group>";
		};
/* End PBXVariantGroup section */

/* Begin XCBuildConfiguration section */
		74E531F82A69D01600679B31 /* Debug */ = {
			isa = XCBuildConfiguration;
			buildSettings = {
				ALWAYS_SEARCH_USER_PATHS = NO;
				CLANG_ANALYZER_NONNULL = YES;
				CLANG_ANALYZER_NUMBER_OBJECT_CONVERSION = YES_AGGRESSIVE;
				CLANG_CXX_LANGUAGE_STANDARD = "gnu++20";
				CLANG_ENABLE_MODULES = YES;
				CLANG_ENABLE_OBJC_ARC = YES;
				CLANG_ENABLE_OBJC_WEAK = YES;
				CLANG_WARN_BLOCK_CAPTURE_AUTORELEASING = YES;
				CLANG_WARN_BOOL_CONVERSION = YES;
				CLANG_WARN_COMMA = YES;
				CLANG_WARN_CONSTANT_CONVERSION = YES;
				CLANG_WARN_DEPRECATED_OBJC_IMPLEMENTATIONS = YES;
				CLANG_WARN_DIRECT_OBJC_ISA_USAGE = YES_ERROR;
				CLANG_WARN_DOCUMENTATION_COMMENTS = YES;
				CLANG_WARN_EMPTY_BODY = YES;
				CLANG_WARN_ENUM_CONVERSION = YES;
				CLANG_WARN_INFINITE_RECURSION = YES;
				CLANG_WARN_INT_CONVERSION = YES;
				CLANG_WARN_NON_LITERAL_NULL_CONVERSION = YES;
				CLANG_WARN_OBJC_IMPLICIT_RETAIN_SELF = YES;
				CLANG_WARN_OBJC_LITERAL_CONVERSION = YES;
				CLANG_WARN_OBJC_ROOT_CLASS = YES_ERROR;
				CLANG_WARN_QUOTED_INCLUDE_IN_FRAMEWORK_HEADER = YES;
				CLANG_WARN_RANGE_LOOP_ANALYSIS = YES;
				CLANG_WARN_STRICT_PROTOTYPES = YES;
				CLANG_WARN_SUSPICIOUS_MOVE = YES;
				CLANG_WARN_UNGUARDED_AVAILABILITY = YES_AGGRESSIVE;
				CLANG_WARN_UNREACHABLE_CODE = YES;
				CLANG_WARN__DUPLICATE_METHOD_MATCH = YES;
				COPY_PHASE_STRIP = NO;
				DEBUG_INFORMATION_FORMAT = dwarf;
				ENABLE_STRICT_OBJC_MSGSEND = YES;
				ENABLE_TESTABILITY = YES;
				GCC_C_LANGUAGE_STANDARD = gnu11;
				GCC_DYNAMIC_NO_PIC = NO;
				GCC_NO_COMMON_BLOCKS = YES;
				GCC_OPTIMIZATION_LEVEL = 0;
				GCC_PREPROCESSOR_DEFINITIONS = (
					"DEBUG=1",
					"$(inherited)",
				);
				GCC_WARN_64_TO_32_BIT_CONVERSION = YES;
				GCC_WARN_ABOUT_RETURN_TYPE = YES_ERROR;
				GCC_WARN_UNDECLARED_SELECTOR = YES;
				GCC_WARN_UNINITIALIZED_AUTOS = YES_AGGRESSIVE;
				GCC_WARN_UNUSED_FUNCTION = YES;
				GCC_WARN_UNUSED_VARIABLE = YES;
				IPHONEOS_DEPLOYMENT_TARGET = 16.4;
				MTL_ENABLE_DEBUG_INFO = INCLUDE_SOURCE;
				MTL_FAST_MATH = YES;
				ONLY_ACTIVE_ARCH = YES;
				SDKROOT = iphoneos;
				SWIFT_ACTIVE_COMPILATION_CONDITIONS = DEBUG;
				SWIFT_OPTIMIZATION_LEVEL = "-Onone";
			};
			name = Debug;
		};
		74E531F92A69D01600679B31 /* Release */ = {
			isa = XCBuildConfiguration;
			buildSettings = {
				ALWAYS_SEARCH_USER_PATHS = NO;
				CLANG_ANALYZER_NONNULL = YES;
				CLANG_ANALYZER_NUMBER_OBJECT_CONVERSION = YES_AGGRESSIVE;
				CLANG_CXX_LANGUAGE_STANDARD = "gnu++20";
				CLANG_ENABLE_MODULES = YES;
				CLANG_ENABLE_OBJC_ARC = YES;
				CLANG_ENABLE_OBJC_WEAK = YES;
				CLANG_WARN_BLOCK_CAPTURE_AUTORELEASING = YES;
				CLANG_WARN_BOOL_CONVERSION = YES;
				CLANG_WARN_COMMA = YES;
				CLANG_WARN_CONSTANT_CONVERSION = YES;
				CLANG_WARN_DEPRECATED_OBJC_IMPLEMENTATIONS = YES;
				CLANG_WARN_DIRECT_OBJC_ISA_USAGE = YES_ERROR;
				CLANG_WARN_DOCUMENTATION_COMMENTS = YES;
				CLANG_WARN_EMPTY_BODY = YES;
				CLANG_WARN_ENUM_CONVERSION = YES;
				CLANG_WARN_INFINITE_RECURSION = YES;
				CLANG_WARN_INT_CONVERSION = YES;
				CLANG_WARN_NON_LITERAL_NULL_CONVERSION = YES;
				CLANG_WARN_OBJC_IMPLICIT_RETAIN_SELF = YES;
				CLANG_WARN_OBJC_LITERAL_CONVERSION = YES;
				CLANG_WARN_OBJC_ROOT_CLASS = YES_ERROR;
				CLANG_WARN_QUOTED_INCLUDE_IN_FRAMEWORK_HEADER = YES;
				CLANG_WARN_RANGE_LOOP_ANALYSIS = YES;
				CLANG_WARN_STRICT_PROTOTYPES = YES;
				CLANG_WARN_SUSPICIOUS_MOVE = YES;
				CLANG_WARN_UNGUARDED_AVAILABILITY = YES_AGGRESSIVE;
				CLANG_WARN_UNREACHABLE_CODE = YES;
				CLANG_WARN__DUPLICATE_METHOD_MATCH = YES;
				COPY_PHASE_STRIP = NO;
				DEBUG_INFORMATION_FORMAT = "dwarf-with-dsym";
				ENABLE_NS_ASSERTIONS = NO;
				ENABLE_STRICT_OBJC_MSGSEND = YES;
				GCC_C_LANGUAGE_STANDARD = gnu11;
				GCC_NO_COMMON_BLOCKS = YES;
				GCC_WARN_64_TO_32_BIT_CONVERSION = YES;
				GCC_WARN_ABOUT_RETURN_TYPE = YES_ERROR;
				GCC_WARN_UNDECLARED_SELECTOR = YES;
				GCC_WARN_UNINITIALIZED_AUTOS = YES_AGGRESSIVE;
				GCC_WARN_UNUSED_FUNCTION = YES;
				GCC_WARN_UNUSED_VARIABLE = YES;
				IPHONEOS_DEPLOYMENT_TARGET = 16.4;
				MTL_ENABLE_DEBUG_INFO = NO;
				MTL_FAST_MATH = YES;
				SDKROOT = iphoneos;
				SWIFT_COMPILATION_MODE = wholemodule;
				SWIFT_OPTIMIZATION_LEVEL = "-O";
				VALIDATE_PRODUCT = YES;
			};
			name = Release;
		};
		74E531FB2A69D01600679B31 /* Debug */ = {
			isa = XCBuildConfiguration;
			buildSettings = {
				ASSETCATALOG_COMPILER_APPICON_NAME = AppIcon;
				ASSETCATALOG_COMPILER_GLOBAL_ACCENT_COLOR_NAME = AccentColor;
				CODE_SIGN_STYLE = Automatic;
				CURRENT_PROJECT_VERSION = 1;
				GENERATE_INFOPLIST_FILE = YES;
				INFOPLIST_FILE = CardsHearthstone/Info.plist;
				INFOPLIST_KEY_UIApplicationSupportsIndirectInputEvents = YES;
				INFOPLIST_KEY_UILaunchStoryboardName = LaunchScreen;
				INFOPLIST_KEY_UISupportedInterfaceOrientations = UIInterfaceOrientationPortrait;
				INFOPLIST_KEY_UISupportedInterfaceOrientations_iPad = "UIInterfaceOrientationLandscapeLeft UIInterfaceOrientationLandscapeRight UIInterfaceOrientationPortrait UIInterfaceOrientationPortraitUpsideDown";
				LD_RUNPATH_SEARCH_PATHS = (
					"$(inherited)",
					"@executable_path/Frameworks",
				);
				MARKETING_VERSION = 1.0;
				PRODUCT_BUNDLE_IDENTIFIER = br.lsb.CardsHearthstone;
				PRODUCT_NAME = "$(TARGET_NAME)";
				SUPPORTED_PLATFORMS = "iphoneos iphonesimulator";
				SUPPORTS_MACCATALYST = NO;
				SUPPORTS_MAC_DESIGNED_FOR_IPHONE_IPAD = NO;
				SWIFT_EMIT_LOC_STRINGS = YES;
				SWIFT_VERSION = 5.0;
				TARGETED_DEVICE_FAMILY = 1;
			};
			name = Debug;
		};
		74E531FC2A69D01600679B31 /* Release */ = {
			isa = XCBuildConfiguration;
			buildSettings = {
				ASSETCATALOG_COMPILER_APPICON_NAME = AppIcon;
				ASSETCATALOG_COMPILER_GLOBAL_ACCENT_COLOR_NAME = AccentColor;
				CODE_SIGN_STYLE = Automatic;
				CURRENT_PROJECT_VERSION = 1;
				GENERATE_INFOPLIST_FILE = YES;
				INFOPLIST_FILE = CardsHearthstone/Info.plist;
				INFOPLIST_KEY_UIApplicationSupportsIndirectInputEvents = YES;
				INFOPLIST_KEY_UILaunchStoryboardName = LaunchScreen;
				INFOPLIST_KEY_UISupportedInterfaceOrientations = UIInterfaceOrientationPortrait;
				INFOPLIST_KEY_UISupportedInterfaceOrientations_iPad = "UIInterfaceOrientationLandscapeLeft UIInterfaceOrientationLandscapeRight UIInterfaceOrientationPortrait UIInterfaceOrientationPortraitUpsideDown";
				LD_RUNPATH_SEARCH_PATHS = (
					"$(inherited)",
					"@executable_path/Frameworks",
				);
				MARKETING_VERSION = 1.0;
				PRODUCT_BUNDLE_IDENTIFIER = br.lsb.CardsHearthstone;
				PRODUCT_NAME = "$(TARGET_NAME)";
				SUPPORTED_PLATFORMS = "iphoneos iphonesimulator";
				SUPPORTS_MACCATALYST = NO;
				SUPPORTS_MAC_DESIGNED_FOR_IPHONE_IPAD = NO;
				SWIFT_EMIT_LOC_STRINGS = YES;
				SWIFT_VERSION = 5.0;
				TARGETED_DEVICE_FAMILY = 1;
			};
			name = Release;
		};
		74E532582A6B02BA00679B31 /* Debug */ = {
			isa = XCBuildConfiguration;
			buildSettings = {
				BUNDLE_LOADER = "$(TEST_HOST)";
				CODE_SIGN_STYLE = Automatic;
				CURRENT_PROJECT_VERSION = 1;
				GENERATE_INFOPLIST_FILE = YES;
				MARKETING_VERSION = 1.0;
				PRODUCT_BUNDLE_IDENTIFIER = br.lsb.CardsHearthstoneTests;
				PRODUCT_NAME = "$(TARGET_NAME)";
				SWIFT_EMIT_LOC_STRINGS = NO;
				SWIFT_VERSION = 5.0;
				TARGETED_DEVICE_FAMILY = "1,2";
				TEST_HOST = "$(BUILT_PRODUCTS_DIR)/CardsHearthstone.app/$(BUNDLE_EXECUTABLE_FOLDER_PATH)/CardsHearthstone";
			};
			name = Debug;
		};
		74E532592A6B02BA00679B31 /* Release */ = {
			isa = XCBuildConfiguration;
			buildSettings = {
				BUNDLE_LOADER = "$(TEST_HOST)";
				CODE_SIGN_STYLE = Automatic;
				CURRENT_PROJECT_VERSION = 1;
				GENERATE_INFOPLIST_FILE = YES;
				MARKETING_VERSION = 1.0;
				PRODUCT_BUNDLE_IDENTIFIER = br.lsb.CardsHearthstoneTests;
				PRODUCT_NAME = "$(TARGET_NAME)";
				SWIFT_EMIT_LOC_STRINGS = NO;
				SWIFT_VERSION = 5.0;
				TARGETED_DEVICE_FAMILY = "1,2";
				TEST_HOST = "$(BUILT_PRODUCTS_DIR)/CardsHearthstone.app/$(BUNDLE_EXECUTABLE_FOLDER_PATH)/CardsHearthstone";
			};
			name = Release;
		};
/* End XCBuildConfiguration section */

/* Begin XCConfigurationList section */
		74E531E12A69D01500679B31 /* Build configuration list for PBXProject "CardsHearthstone" */ = {
			isa = XCConfigurationList;
			buildConfigurations = (
				74E531F82A69D01600679B31 /* Debug */,
				74E531F92A69D01600679B31 /* Release */,
			);
			defaultConfigurationIsVisible = 0;
			defaultConfigurationName = Release;
		};
		74E531FA2A69D01600679B31 /* Build configuration list for PBXNativeTarget "CardsHearthstone" */ = {
			isa = XCConfigurationList;
			buildConfigurations = (
				74E531FB2A69D01600679B31 /* Debug */,
				74E531FC2A69D01600679B31 /* Release */,
			);
			defaultConfigurationIsVisible = 0;
			defaultConfigurationName = Release;
		};
		74E532572A6B02BA00679B31 /* Build configuration list for PBXNativeTarget "CardsHearthstoneTests" */ = {
			isa = XCConfigurationList;
			buildConfigurations = (
				74E532582A6B02BA00679B31 /* Debug */,
				74E532592A6B02BA00679B31 /* Release */,
			);
			defaultConfigurationIsVisible = 0;
			defaultConfigurationName = Release;
		};
/* End XCConfigurationList section */
	};
	rootObject = 74E531DE2A69D01500679B31 /* Project object */;
}
